// !$*UTF8*$!
{
	archiveVersion = 1;
	classes = {
	};
	objectVersion = 56;
	objects = {

/* Begin PBXBuildFile section */
		B9E3C0B4288070DC00BFECC8 /* PackageDeliveryApp.swift in Sources */ = {isa = PBXBuildFile; fileRef = B9E3C0B3288070DC00BFECC8 /* PackageDeliveryApp.swift */; };
		B9E3C0B6288070DC00BFECC8 /* HomeView.swift in Sources */ = {isa = PBXBuildFile; fileRef = B9E3C0B5288070DC00BFECC8 /* HomeView.swift */; };
		B9E3C0B8288070DC00BFECC8 /* Assets.xcassets in Resources */ = {isa = PBXBuildFile; fileRef = B9E3C0B7288070DC00BFECC8 /* Assets.xcassets */; };
		B9E3C0BB288070DC00BFECC8 /* Preview Assets.xcassets in Resources */ = {isa = PBXBuildFile; fileRef = B9E3C0BA288070DC00BFECC8 /* Preview Assets.xcassets */; };
		B9E3C0C4288073E600BFECC8 /* TrackedDeliveryView.swift in Sources */ = {isa = PBXBuildFile; fileRef = B9E3C0C3288073E600BFECC8 /* TrackedDeliveryView.swift */; };
		B9E3C0C82880804400BFECC8 /* ServiceTileView.swift in Sources */ = {isa = PBXBuildFile; fileRef = B9E3C0C72880804400BFECC8 /* ServiceTileView.swift */; };
		B9E3C0CB288080CD00BFECC8 /* PackageDeliveryKit in Frameworks */ = {isa = PBXBuildFile; productRef = B9E3C0CA288080CD00BFECC8 /* PackageDeliveryKit */; };
		B9E3C0CD288080CF00BFECC8 /* PackageDeliveryUI in Frameworks */ = {isa = PBXBuildFile; productRef = B9E3C0CC288080CF00BFECC8 /* PackageDeliveryUI */; };
/* End PBXBuildFile section */

/* Begin PBXFileReference section */
		B9E3C0B0288070DC00BFECC8 /* PackageDelivery.app */ = {isa = PBXFileReference; explicitFileType = wrapper.application; includeInIndex = 0; path = PackageDelivery.app; sourceTree = BUILT_PRODUCTS_DIR; };
		B9E3C0B3288070DC00BFECC8 /* PackageDeliveryApp.swift */ = {isa = PBXFileReference; lastKnownFileType = sourcecode.swift; path = PackageDeliveryApp.swift; sourceTree = "<group>"; };
		B9E3C0B5288070DC00BFECC8 /* HomeView.swift */ = {isa = PBXFileReference; lastKnownFileType = sourcecode.swift; path = HomeView.swift; sourceTree = "<group>"; };
		B9E3C0B7288070DC00BFECC8 /* Assets.xcassets */ = {isa = PBXFileReference; lastKnownFileType = folder.assetcatalog; path = Assets.xcassets; sourceTree = "<group>"; };
		B9E3C0BA288070DC00BFECC8 /* Preview Assets.xcassets */ = {isa = PBXFileReference; lastKnownFileType = folder.assetcatalog; path = "Preview Assets.xcassets"; sourceTree = "<group>"; };
		B9E3C0C1288070ED00BFECC8 /* PackageDeliveryKit */ = {isa = PBXFileReference; lastKnownFileType = wrapper; name = PackageDeliveryKit; path = ../PackageDeliveryKit; sourceTree = "<group>"; };
		B9E3C0C3288073E600BFECC8 /* TrackedDeliveryView.swift */ = {isa = PBXFileReference; lastKnownFileType = sourcecode.swift; path = TrackedDeliveryView.swift; sourceTree = "<group>"; };
		B9E3C0C72880804400BFECC8 /* ServiceTileView.swift */ = {isa = PBXFileReference; lastKnownFileType = sourcecode.swift; path = ServiceTileView.swift; sourceTree = "<group>"; };
/* End PBXFileReference section */

/* Begin PBXFrameworksBuildPhase section */
		B9E3C0AD288070DC00BFECC8 /* Frameworks */ = {
			isa = PBXFrameworksBuildPhase;
			buildActionMask = 2147483647;
			files = (
				B9E3C0CB288080CD00BFECC8 /* PackageDeliveryKit in Frameworks */,
				B9E3C0CD288080CF00BFECC8 /* PackageDeliveryUI in Frameworks */,
			);
			runOnlyForDeploymentPostprocessing = 0;
		};
/* End PBXFrameworksBuildPhase section */

/* Begin PBXGroup section */
		B9E3C0A7288070DC00BFECC8 = {
			isa = PBXGroup;
			children = (
				B9E3C0C1288070ED00BFECC8 /* PackageDeliveryKit */,
				B9E3C0B2288070DC00BFECC8 /* PackageDelivery */,
				B9E3C0B1288070DC00BFECC8 /* Products */,
				B9E3C0C9288080CD00BFECC8 /* Frameworks */,
			);
			sourceTree = "<group>";
		};
		B9E3C0B1288070DC00BFECC8 /* Products */ = {
			isa = PBXGroup;
			children = (
				B9E3C0B0288070DC00BFECC8 /* PackageDelivery.app */,
			);
			name = Products;
			sourceTree = "<group>";
		};
		B9E3C0B2288070DC00BFECC8 /* PackageDelivery */ = {
			isa = PBXGroup;
			children = (
				B9E3C0B3288070DC00BFECC8 /* PackageDeliveryApp.swift */,
				B9E3C0C2288072D500BFECC8 /* Home */,
				B9E3C0B7288070DC00BFECC8 /* Assets.xcassets */,
				B9E3C0B9288070DC00BFECC8 /* Preview Content */,
			);
			path = PackageDelivery;
			sourceTree = "<group>";
		};
		B9E3C0B9288070DC00BFECC8 /* Preview Content */ = {
			isa = PBXGroup;
			children = (
				B9E3C0BA288070DC00BFECC8 /* Preview Assets.xcassets */,
			);
			path = "Preview Content";
			sourceTree = "<group>";
		};
		B9E3C0C2288072D500BFECC8 /* Home */ = {
			isa = PBXGroup;
			children = (
				B9E3C0B5288070DC00BFECC8 /* HomeView.swift */,
				B9E3C0C72880804400BFECC8 /* ServiceTileView.swift */,
				B9E3C0C3288073E600BFECC8 /* TrackedDeliveryView.swift */,
			);
			path = Home;
			sourceTree = "<group>";
		};
		B9E3C0C9288080CD00BFECC8 /* Frameworks */ = {
			isa = PBXGroup;
			children = (
			);
			name = Frameworks;
			sourceTree = "<group>";
		};
/* End PBXGroup section */

/* Begin PBXNativeTarget section */
		B9E3C0AF288070DC00BFECC8 /* PackageDelivery */ = {
			isa = PBXNativeTarget;
			buildConfigurationList = B9E3C0BE288070DC00BFECC8 /* Build configuration list for PBXNativeTarget "PackageDelivery" */;
			buildPhases = (
				B9E3C0AC288070DC00BFECC8 /* Sources */,
				B9E3C0AD288070DC00BFECC8 /* Frameworks */,
				B9E3C0AE288070DC00BFECC8 /* Resources */,
			);
			buildRules = (
			);
			dependencies = (
			);
			name = PackageDelivery;
			packageProductDependencies = (
				B9E3C0CA288080CD00BFECC8 /* PackageDeliveryKit */,
				B9E3C0CC288080CF00BFECC8 /* PackageDeliveryUI */,
			);
			productName = PackageDelivery;
			productReference = B9E3C0B0288070DC00BFECC8 /* PackageDelivery.app */;
			productType = "com.apple.product-type.application";
		};
/* End PBXNativeTarget section */

/* Begin PBXProject section */
		B9E3C0A8288070DC00BFECC8 /* Project object */ = {
			isa = PBXProject;
			attributes = {
				BuildIndependentTargetsInParallel = 1;
				LastSwiftUpdateCheck = 1400;
				LastUpgradeCheck = 1400;
				TargetAttributes = {
					B9E3C0AF288070DC00BFECC8 = {
						CreatedOnToolsVersion = 14.0;
					};
				};
			};
			buildConfigurationList = B9E3C0AB288070DC00BFECC8 /* Build configuration list for PBXProject "PackageDelivery" */;
			compatibilityVersion = "Xcode 14.0";
			developmentRegion = en;
			hasScannedForEncodings = 0;
			knownRegions = (
				en,
				Base,
			);
			mainGroup = B9E3C0A7288070DC00BFECC8;
			productRefGroup = B9E3C0B1288070DC00BFECC8 /* Products */;
			projectDirPath = "";
			projectRoot = "";
			targets = (
				B9E3C0AF288070DC00BFECC8 /* PackageDelivery */,
			);
		};
/* End PBXProject section */

/* Begin PBXResourcesBuildPhase section */
		B9E3C0AE288070DC00BFECC8 /* Resources */ = {
			isa = PBXResourcesBuildPhase;
			buildActionMask = 2147483647;
			files = (
				B9E3C0BB288070DC00BFECC8 /* Preview Assets.xcassets in Resources */,
				B9E3C0B8288070DC00BFECC8 /* Assets.xcassets in Resources */,
			);
			runOnlyForDeploymentPostprocessing = 0;
		};
/* End PBXResourcesBuildPhase section */

/* Begin PBXSourcesBuildPhase section */
		B9E3C0AC288070DC00BFECC8 /* Sources */ = {
			isa = PBXSourcesBuildPhase;
			buildActionMask = 2147483647;
			files = (
				B9E3C0C4288073E600BFECC8 /* TrackedDeliveryView.swift in Sources */,
				B9E3C0B6288070DC00BFECC8 /* HomeView.swift in Sources */,
				B9E3C0C82880804400BFECC8 /* ServiceTileView.swift in Sources */,
				B9E3C0B4288070DC00BFECC8 /* PackageDeliveryApp.swift in Sources */,
			);
			runOnlyForDeploymentPostprocessing = 0;
		};
/* End PBXSourcesBuildPhase section */

/* Begin XCBuildConfiguration section */
		B9E3C0BC288070DC00BFECC8 /* Debug */ = {
			isa = XCBuildConfiguration;
			buildSettings = {
				ALWAYS_SEARCH_USER_PATHS = NO;
				CLANG_ANALYZER_NONNULL = YES;
				CLANG_ANALYZER_NUMBER_OBJECT_CONVERSION = YES_AGGRESSIVE;
				CLANG_CXX_LANGUAGE_STANDARD = "gnu++20";
				CLANG_ENABLE_MODULES = YES;
				CLANG_ENABLE_OBJC_ARC = YES;
				CLANG_ENABLE_OBJC_WEAK = YES;
				CLANG_WARN_BLOCK_CAPTURE_AUTORELEASING = YES;
				CLANG_WARN_BOOL_CONVERSION = YES;
				CLANG_WARN_COMMA = YES;
				CLANG_WARN_CONSTANT_CONVERSION = YES;
				CLANG_WARN_DEPRECATED_OBJC_IMPLEMENTATIONS = YES;
				CLANG_WARN_DIRECT_OBJC_ISA_USAGE = YES_ERROR;
				CLANG_WARN_DOCUMENTATION_COMMENTS = YES;
				CLANG_WARN_EMPTY_BODY = YES;
				CLANG_WARN_ENUM_CONVERSION = YES;
				CLANG_WARN_INFINITE_RECURSION = YES;
				CLANG_WARN_INT_CONVERSION = YES;
				CLANG_WARN_NON_LITERAL_NULL_CONVERSION = YES;
				CLANG_WARN_OBJC_IMPLICIT_RETAIN_SELF = YES;
				CLANG_WARN_OBJC_LITERAL_CONVERSION = YES;
				CLANG_WARN_OBJC_ROOT_CLASS = YES_ERROR;
				CLANG_WARN_QUOTED_INCLUDE_IN_FRAMEWORK_HEADER = YES;
				CLANG_WARN_RANGE_LOOP_ANALYSIS = YES;
				CLANG_WARN_STRICT_PROTOTYPES = YES;
				CLANG_WARN_SUSPICIOUS_MOVE = YES;
				CLANG_WARN_UNGUARDED_AVAILABILITY = YES_AGGRESSIVE;
				CLANG_WARN_UNREACHABLE_CODE = YES;
				CLANG_WARN__DUPLICATE_METHOD_MATCH = YES;
				COPY_PHASE_STRIP = NO;
				DEBUG_INFORMATION_FORMAT = dwarf;
				ENABLE_STRICT_OBJC_MSGSEND = YES;
				ENABLE_TESTABILITY = YES;
				GCC_C_LANGUAGE_STANDARD = gnu11;
				GCC_DYNAMIC_NO_PIC = NO;
				GCC_NO_COMMON_BLOCKS = YES;
				GCC_OPTIMIZATION_LEVEL = 0;
				GCC_PREPROCESSOR_DEFINITIONS = (
					"DEBUG=1",
					"$(inherited)",
				);
				GCC_WARN_64_TO_32_BIT_CONVERSION = YES;
				GCC_WARN_ABOUT_RETURN_TYPE = YES_ERROR;
				GCC_WARN_UNDECLARED_SELECTOR = YES;
				GCC_WARN_UNINITIALIZED_AUTOS = YES_AGGRESSIVE;
				GCC_WARN_UNUSED_FUNCTION = YES;
				GCC_WARN_UNUSED_VARIABLE = YES;
				IPHONEOS_DEPLOYMENT_TARGET = 16.0;
				MTL_ENABLE_DEBUG_INFO = INCLUDE_SOURCE;
				MTL_FAST_MATH = YES;
				ONLY_ACTIVE_ARCH = YES;
				SDKROOT = iphoneos;
				SWIFT_ACTIVE_COMPILATION_CONDITIONS = DEBUG;
				SWIFT_OPTIMIZATION_LEVEL = "-Onone";
			};
			name = Debug;
		};
		B9E3C0BD288070DC00BFECC8 /* Release */ = {
			isa = XCBuildConfiguration;
			buildSettings = {
				ALWAYS_SEARCH_USER_PATHS = NO;
				CLANG_ANALYZER_NONNULL = YES;
				CLANG_ANALYZER_NUMBER_OBJECT_CONVERSION = YES_AGGRESSIVE;
				CLANG_CXX_LANGUAGE_STANDARD = "gnu++20";
				CLANG_ENABLE_MODULES = YES;
				CLANG_ENABLE_OBJC_ARC = YES;
				CLANG_ENABLE_OBJC_WEAK = YES;
				CLANG_WARN_BLOCK_CAPTURE_AUTORELEASING = YES;
				CLANG_WARN_BOOL_CONVERSION = YES;
				CLANG_WARN_COMMA = YES;
				CLANG_WARN_CONSTANT_CONVERSION = YES;
				CLANG_WARN_DEPRECATED_OBJC_IMPLEMENTATIONS = YES;
				CLANG_WARN_DIRECT_OBJC_ISA_USAGE = YES_ERROR;
				CLANG_WARN_DOCUMENTATION_COMMENTS = YES;
				CLANG_WARN_EMPTY_BODY = YES;
				CLANG_WARN_ENUM_CONVERSION = YES;
				CLANG_WARN_INFINITE_RECURSION = YES;
				CLANG_WARN_INT_CONVERSION = YES;
				CLANG_WARN_NON_LITERAL_NULL_CONVERSION = YES;
				CLANG_WARN_OBJC_IMPLICIT_RETAIN_SELF = YES;
				CLANG_WARN_OBJC_LITERAL_CONVERSION = YES;
				CLANG_WARN_OBJC_ROOT_CLASS = YES_ERROR;
				CLANG_WARN_QUOTED_INCLUDE_IN_FRAMEWORK_HEADER = YES;
				CLANG_WARN_RANGE_LOOP_ANALYSIS = YES;
				CLANG_WARN_STRICT_PROTOTYPES = YES;
				CLANG_WARN_SUSPICIOUS_MOVE = YES;
				CLANG_WARN_UNGUARDED_AVAILABILITY = YES_AGGRESSIVE;
				CLANG_WARN_UNREACHABLE_CODE = YES;
				CLANG_WARN__DUPLICATE_METHOD_MATCH = YES;
				COPY_PHASE_STRIP = NO;
				DEBUG_INFORMATION_FORMAT = "dwarf-with-dsym";
				ENABLE_NS_ASSERTIONS = NO;
				ENABLE_STRICT_OBJC_MSGSEND = YES;
				GCC_C_LANGUAGE_STANDARD = gnu11;
				GCC_NO_COMMON_BLOCKS = YES;
				GCC_WARN_64_TO_32_BIT_CONVERSION = YES;
				GCC_WARN_ABOUT_RETURN_TYPE = YES_ERROR;
				GCC_WARN_UNDECLARED_SELECTOR = YES;
				GCC_WARN_UNINITIALIZED_AUTOS = YES_AGGRESSIVE;
				GCC_WARN_UNUSED_FUNCTION = YES;
				GCC_WARN_UNUSED_VARIABLE = YES;
				IPHONEOS_DEPLOYMENT_TARGET = 16.0;
				MTL_ENABLE_DEBUG_INFO = NO;
				MTL_FAST_MATH = YES;
				SDKROOT = iphoneos;
				SWIFT_COMPILATION_MODE = wholemodule;
				SWIFT_OPTIMIZATION_LEVEL = "-O";
				VALIDATE_PRODUCT = YES;
			};
			name = Release;
		};
		B9E3C0BF288070DC00BFECC8 /* Debug */ = {
			isa = XCBuildConfiguration;
			buildSettings = {
				ASSETCATALOG_COMPILER_APPICON_NAME = AppIcon;
				ASSETCATALOG_COMPILER_GLOBAL_ACCENT_COLOR_NAME = AccentColor;
				CODE_SIGN_STYLE = Automatic;
				CURRENT_PROJECT_VERSION = 1;
				DEVELOPMENT_ASSET_PATHS = "\"PackageDelivery/Preview Content\"";
				DEVELOPMENT_TEAM = 3TLQ6C265H;
				ENABLE_PREVIEWS = YES;
				GENERATE_INFOPLIST_FILE = YES;
				INFOPLIST_KEY_UIApplicationSceneManifest_Generation = YES;
				INFOPLIST_KEY_UIApplicationSupportsIndirectInputEvents = YES;
				INFOPLIST_KEY_UILaunchScreen_Generation = YES;
				INFOPLIST_KEY_UISupportedInterfaceOrientations_iPad = "UIInterfaceOrientationPortrait UIInterfaceOrientationPortraitUpsideDown UIInterfaceOrientationLandscapeLeft UIInterfaceOrientationLandscapeRight";
				INFOPLIST_KEY_UISupportedInterfaceOrientations_iPhone = "UIInterfaceOrientationPortrait UIInterfaceOrientationLandscapeLeft UIInterfaceOrientationLandscapeRight";
				LD_RUNPATH_SEARCH_PATHS = (
					"$(inherited)",
					"@executable_path/Frameworks",
				);
				MARKETING_VERSION = 1.0;
				PRODUCT_BUNDLE_IDENTIFIER = com.gorecki.PackageDelivery;
				PRODUCT_NAME = "$(TARGET_NAME)";
				SWIFT_EMIT_LOC_STRINGS = YES;
				SWIFT_VERSION = 5.0;
				TARGETED_DEVICE_FAMILY = "1,2";
			};
			name = Debug;
		};
		B9E3C0C0288070DC00BFECC8 /* Release */ = {
			isa = XCBuildConfiguration;
			buildSettings = {
				ASSETCATALOG_COMPILER_APPICON_NAME = AppIcon;
				ASSETCATALOG_COMPILER_GLOBAL_ACCENT_COLOR_NAME = AccentColor;
				CODE_SIGN_STYLE = Automatic;
				CURRENT_PROJECT_VERSION = 1;
				DEVELOPMENT_ASSET_PATHS = "\"PackageDelivery/Preview Content\"";
				DEVELOPMENT_TEAM = 3TLQ6C265H;
				ENABLE_PREVIEWS = YES;
				GENERATE_INFOPLIST_FILE = YES;
				INFOPLIST_KEY_UIApplicationSceneManifest_Generation = YES;
				INFOPLIST_KEY_UIApplicationSupportsIndirectInputEvents = YES;
				INFOPLIST_KEY_UILaunchScreen_Generation = YES;
				INFOPLIST_KEY_UISupportedInterfaceOrientations_iPad = "UIInterfaceOrientationPortrait UIInterfaceOrientationPortraitUpsideDown UIInterfaceOrientationLandscapeLeft UIInterfaceOrientationLandscapeRight";
				INFOPLIST_KEY_UISupportedInterfaceOrientations_iPhone = "UIInterfaceOrientationPortrait UIInterfaceOrientationLandscapeLeft UIInterfaceOrientationLandscapeRight";
				LD_RUNPATH_SEARCH_PATHS = (
					"$(inherited)",
					"@executable_path/Frameworks",
				);
				MARKETING_VERSION = 1.0;
				PRODUCT_BUNDLE_IDENTIFIER = com.gorecki.PackageDelivery;
				PRODUCT_NAME = "$(TARGET_NAME)";
				SWIFT_EMIT_LOC_STRINGS = YES;
				SWIFT_VERSION = 5.0;
				TARGETED_DEVICE_FAMILY = "1,2";
			};
			name = Release;
		};
/* End XCBuildConfiguration section */

/* Begin XCConfigurationList section */
		B9E3C0AB288070DC00BFECC8 /* Build configuration list for PBXProject "PackageDelivery" */ = {
			isa = XCConfigurationList;
			buildConfigurations = (
				B9E3C0BC288070DC00BFECC8 /* Debug */,
				B9E3C0BD288070DC00BFECC8 /* Release */,
			);
			defaultConfigurationIsVisible = 0;
			defaultConfigurationName = Release;
		};
		B9E3C0BE288070DC00BFECC8 /* Build configuration list for PBXNativeTarget "PackageDelivery" */ = {
			isa = XCConfigurationList;
			buildConfigurations = (
				B9E3C0BF288070DC00BFECC8 /* Debug */,
				B9E3C0C0288070DC00BFECC8 /* Release */,
			);
			defaultConfigurationIsVisible = 0;
			defaultConfigurationName = Release;
		};
/* End XCConfigurationList section */

/* Begin XCSwiftPackageProductDependency section */
		B9E3C0CA288080CD00BFECC8 /* PackageDeliveryKit */ = {
			isa = XCSwiftPackageProductDependency;
			productName = PackageDeliveryKit;
		};
		B9E3C0CC288080CF00BFECC8 /* PackageDeliveryUI */ = {
			isa = XCSwiftPackageProductDependency;
			productName = PackageDeliveryUI;
		};
/* End XCSwiftPackageProductDependency section */
	};
	rootObject = B9E3C0A8288070DC00BFECC8 /* Project object */;
}
